
Microsoft Visual Studio Solution File, Format Version 10.00
# Visual Studio 2008
Project("{FAE04EC0-301F-11D3-BF4B-00C04F79EFBC}") = "Parsley.Core", "Parsley.Core\Parsley.Core.csproj", "{40FFE772-05B1-4D6A-B3D6-52FACD51BB03}"
EndProject
Project("{FAE04EC0-301F-11D3-BF4B-00C04F79EFBC}") = "CaptureFromCamera", "example\CaptureFromCamera\CaptureFromCamera.csproj", "{F5DEB9A4-B4AE-4C7D-86B2-79265B0BDB17}"
EndProject
Project("{FAE04EC0-301F-11D3-BF4B-00C04F79EFBC}") = "FindCheckerboard", "example\FindCheckerboard\FindCheckerboard.csproj", "{DEAA554B-22B7-46D6-8481-E07427AA9385}"
EndProject
Project("{FAE04EC0-301F-11D3-BF4B-00C04F79EFBC}") = "Rendering3D", "example\Rendering3D\Rendering3D.csproj", "{C105A9C5-0C02-4149-AFE0-2696EB91B515}"
EndProject
Project("{FAE04EC0-301F-11D3-BF4B-00C04F79EFBC}") = "Parsley.UI", "Parsley.UI\Parsley.UI.csproj", "{E9C7A311-C58B-4C9F-9D26-5E4DF73D9341}"
	ProjectSection(ProjectDependencies) = postProject
		{6B03DE61-527A-441C-A7E6-8C1CB433EA63} = {6B03DE61-527A-441C-A7E6-8C1CB433EA63}
	EndProjectSection
EndProject
Project("{8BC9CEB8-8B4A-11D0-8D11-00A0C91BC942}") = "Parsley.Draw3D", "Parsley.Draw3D\Parsley.Draw3D.vcproj", "{6B03DE61-527A-441C-A7E6-8C1CB433EA63}"
EndProject
Project("{FAE04EC0-301F-11D3-BF4B-00C04F79EFBC}") = "Parsley", "Parsley\Parsley.csproj", "{4C98E003-741C-4C11-9030-3CCAAB7CAA66}"
EndProject
Project("{FAE04EC0-301F-11D3-BF4B-00C04F79EFBC}") = "SlickInterface", "SlickInterface\SlickInterface.csproj", "{9708F1BC-959D-4539-82DB-0FB96B879AD4}"
EndProject
Project("{FAE04EC0-301F-11D3-BF4B-00C04F79EFBC}") = "Parsley.Core.Tests", "Parsley.Core.Tests\Parsley.Core.Tests.csproj", "{71064BE5-80B2-4E95-AF9B-E09FF7403B50}"
EndProject
Project("{FAE04EC0-301F-11D3-BF4B-00C04F79EFBC}") = "Parsley.Core.Resource", "Parsley.Core.Resource\Parsley.Core.Resource.csproj", "{A6A906FF-111C-4248-BF9A-15DB9AD42BD7}"
EndProject
Project("{FAE04EC0-301F-11D3-BF4B-00C04F79EFBC}") = "ParsleyTester", "ParsleyTester\ParsleyTester.csproj", "{AADCE85C-8492-41F4-80DC-977C3EDE1347}"
EndProject
Global
	GlobalSection(SolutionConfigurationPlatforms) = preSolution
		Debug|Any CPU = Debug|Any CPU
		Debug|Mixed Platforms = Debug|Mixed Platforms
		Debug|Win32 = Debug|Win32
		Debug|x86 = Debug|x86
		Release|Any CPU = Release|Any CPU
		Release|Mixed Platforms = Release|Mixed Platforms
		Release|Win32 = Release|Win32
		Release|x86 = Release|x86
	EndGlobalSection
	GlobalSection(ProjectConfigurationPlatforms) = postSolution
		{40FFE772-05B1-4D6A-B3D6-52FACD51BB03}.Debug|Any CPU.ActiveCfg = Debug|Any CPU
		{40FFE772-05B1-4D6A-B3D6-52FACD51BB03}.Debug|Any CPU.Build.0 = Debug|Any CPU
		{40FFE772-05B1-4D6A-B3D6-52FACD51BB03}.Debug|Mixed Platforms.ActiveCfg = Debug|x86
		{40FFE772-05B1-4D6A-B3D6-52FACD51BB03}.Debug|Mixed Platforms.Build.0 = Debug|x86
		{40FFE772-05B1-4D6A-B3D6-52FACD51BB03}.Debug|Win32.ActiveCfg = Debug|x86
		{40FFE772-05B1-4D6A-B3D6-52FACD51BB03}.Debug|x86.ActiveCfg = Debug|x86
		{40FFE772-05B1-4D6A-B3D6-52FACD51BB03}.Debug|x86.Build.0 = Debug|x86
		{40FFE772-05B1-4D6A-B3D6-52FACD51BB03}.Release|Any CPU.ActiveCfg = Release|Any CPU
		{40FFE772-05B1-4D6A-B3D6-52FACD51BB03}.Release|Any CPU.Build.0 = Release|Any CPU
		{40FFE772-05B1-4D6A-B3D6-52FACD51BB03}.Release|Mixed Platforms.ActiveCfg = Release|x86
		{40FFE772-05B1-4D6A-B3D6-52FACD51BB03}.Release|Mixed Platforms.Build.0 = Release|x86
		{40FFE772-05B1-4D6A-B3D6-52FACD51BB03}.Release|Win32.ActiveCfg = Release|x86
		{40FFE772-05B1-4D6A-B3D6-52FACD51BB03}.Release|x86.ActiveCfg = Release|x86
		{40FFE772-05B1-4D6A-B3D6-52FACD51BB03}.Release|x86.Build.0 = Release|x86
		{F5DEB9A4-B4AE-4C7D-86B2-79265B0BDB17}.Debug|Any CPU.ActiveCfg = Debug|Any CPU
		{F5DEB9A4-B4AE-4C7D-86B2-79265B0BDB17}.Debug|Any CPU.Build.0 = Debug|Any CPU
		{F5DEB9A4-B4AE-4C7D-86B2-79265B0BDB17}.Debug|Mixed Platforms.ActiveCfg = Debug|x86
		{F5DEB9A4-B4AE-4C7D-86B2-79265B0BDB17}.Debug|Mixed Platforms.Build.0 = Debug|x86
		{F5DEB9A4-B4AE-4C7D-86B2-79265B0BDB17}.Debug|Win32.ActiveCfg = Debug|x86
		{F5DEB9A4-B4AE-4C7D-86B2-79265B0BDB17}.Debug|x86.ActiveCfg = Debug|x86
		{F5DEB9A4-B4AE-4C7D-86B2-79265B0BDB17}.Debug|x86.Build.0 = Debug|x86
		{F5DEB9A4-B4AE-4C7D-86B2-79265B0BDB17}.Release|Any CPU.ActiveCfg = Release|Any CPU
		{F5DEB9A4-B4AE-4C7D-86B2-79265B0BDB17}.Release|Any CPU.Build.0 = Release|Any CPU
		{F5DEB9A4-B4AE-4C7D-86B2-79265B0BDB17}.Release|Mixed Platforms.ActiveCfg = Release|x86
		{F5DEB9A4-B4AE-4C7D-86B2-79265B0BDB17}.Release|Mixed Platforms.Build.0 = Release|x86
		{F5DEB9A4-B4AE-4C7D-86B2-79265B0BDB17}.Release|Win32.ActiveCfg = Release|x86
		{F5DEB9A4-B4AE-4C7D-86B2-79265B0BDB17}.Release|x86.ActiveCfg = Release|x86
		{F5DEB9A4-B4AE-4C7D-86B2-79265B0BDB17}.Release|x86.Build.0 = Release|x86
		{DEAA554B-22B7-46D6-8481-E07427AA9385}.Debug|Any CPU.ActiveCfg = Debug|Any CPU
		{DEAA554B-22B7-46D6-8481-E07427AA9385}.Debug|Any CPU.Build.0 = Debug|Any CPU
		{DEAA554B-22B7-46D6-8481-E07427AA9385}.Debug|Mixed Platforms.ActiveCfg = Debug|x86
		{DEAA554B-22B7-46D6-8481-E07427AA9385}.Debug|Mixed Platforms.Build.0 = Debug|x86
		{DEAA554B-22B7-46D6-8481-E07427AA9385}.Debug|Win32.ActiveCfg = Debug|x86
		{DEAA554B-22B7-46D6-8481-E07427AA9385}.Debug|x86.ActiveCfg = Debug|x86
		{DEAA554B-22B7-46D6-8481-E07427AA9385}.Debug|x86.Build.0 = Debug|x86
		{DEAA554B-22B7-46D6-8481-E07427AA9385}.Release|Any CPU.ActiveCfg = Release|Any CPU
		{DEAA554B-22B7-46D6-8481-E07427AA9385}.Release|Any CPU.Build.0 = Release|Any CPU
		{DEAA554B-22B7-46D6-8481-E07427AA9385}.Release|Mixed Platforms.ActiveCfg = Release|x86
		{DEAA554B-22B7-46D6-8481-E07427AA9385}.Release|Mixed Platforms.Build.0 = Release|x86
		{DEAA554B-22B7-46D6-8481-E07427AA9385}.Release|Win32.ActiveCfg = Release|x86
		{DEAA554B-22B7-46D6-8481-E07427AA9385}.Release|x86.ActiveCfg = Release|x86
		{DEAA554B-22B7-46D6-8481-E07427AA9385}.Release|x86.Build.0 = Release|x86
		{C105A9C5-0C02-4149-AFE0-2696EB91B515}.Debug|Any CPU.ActiveCfg = Debug|Any CPU
		{C105A9C5-0C02-4149-AFE0-2696EB91B515}.Debug|Any CPU.Build.0 = Debug|Any CPU
		{C105A9C5-0C02-4149-AFE0-2696EB91B515}.Debug|Mixed Platforms.ActiveCfg = Debug|x86
		{C105A9C5-0C02-4149-AFE0-2696EB91B515}.Debug|Mixed Platforms.Build.0 = Debug|x86
		{C105A9C5-0C02-4149-AFE0-2696EB91B515}.Debug|Win32.ActiveCfg = Debug|x86
		{C105A9C5-0C02-4149-AFE0-2696EB91B515}.Debug|x86.ActiveCfg = Debug|x86
		{C105A9C5-0C02-4149-AFE0-2696EB91B515}.Debug|x86.Build.0 = Debug|x86
		{C105A9C5-0C02-4149-AFE0-2696EB91B515}.Release|Any CPU.ActiveCfg = Release|Any CPU
		{C105A9C5-0C02-4149-AFE0-2696EB91B515}.Release|Any CPU.Build.0 = Release|Any CPU
		{C105A9C5-0C02-4149-AFE0-2696EB91B515}.Release|Mixed Platforms.ActiveCfg = Release|x86
		{C105A9C5-0C02-4149-AFE0-2696EB91B515}.Release|Mixed Platforms.Build.0 = Release|x86
		{C105A9C5-0C02-4149-AFE0-2696EB91B515}.Release|Win32.ActiveCfg = Release|x86
		{C105A9C5-0C02-4149-AFE0-2696EB91B515}.Release|x86.ActiveCfg = Release|x86
		{C105A9C5-0C02-4149-AFE0-2696EB91B515}.Release|x86.Build.0 = Release|x86
		{E9C7A311-C58B-4C9F-9D26-5E4DF73D9341}.Debug|Any CPU.ActiveCfg = Debug|Any CPU
		{E9C7A311-C58B-4C9F-9D26-5E4DF73D9341}.Debug|Any CPU.Build.0 = Debug|Any CPU
		{E9C7A311-C58B-4C9F-9D26-5E4DF73D9341}.Debug|Mixed Platforms.ActiveCfg = Debug|x86
		{E9C7A311-C58B-4C9F-9D26-5E4DF73D9341}.Debug|Mixed Platforms.Build.0 = Debug|x86
		{E9C7A311-C58B-4C9F-9D26-5E4DF73D9341}.Debug|Win32.ActiveCfg = Debug|x86
		{E9C7A311-C58B-4C9F-9D26-5E4DF73D9341}.Debug|x86.ActiveCfg = Debug|x86
		{E9C7A311-C58B-4C9F-9D26-5E4DF73D9341}.Debug|x86.Build.0 = Debug|x86
		{E9C7A311-C58B-4C9F-9D26-5E4DF73D9341}.Release|Any CPU.ActiveCfg = Release|Any CPU
		{E9C7A311-C58B-4C9F-9D26-5E4DF73D9341}.Release|Any CPU.Build.0 = Release|Any CPU
		{E9C7A311-C58B-4C9F-9D26-5E4DF73D9341}.Release|Mixed Platforms.ActiveCfg = Release|x86
		{E9C7A311-C58B-4C9F-9D26-5E4DF73D9341}.Release|Mixed Platforms.Build.0 = Release|x86
		{E9C7A311-C58B-4C9F-9D26-5E4DF73D9341}.Release|Win32.ActiveCfg = Release|x86
		{E9C7A311-C58B-4C9F-9D26-5E4DF73D9341}.Release|x86.ActiveCfg = Release|x86
		{E9C7A311-C58B-4C9F-9D26-5E4DF73D9341}.Release|x86.Build.0 = Release|x86
		{6B03DE61-527A-441C-A7E6-8C1CB433EA63}.Debug|Any CPU.ActiveCfg = Debug|Win32
		{6B03DE61-527A-441C-A7E6-8C1CB433EA63}.Debug|Mixed Platforms.ActiveCfg = Debug|Win32
		{6B03DE61-527A-441C-A7E6-8C1CB433EA63}.Debug|Mixed Platforms.Build.0 = Debug|Win32
		{6B03DE61-527A-441C-A7E6-8C1CB433EA63}.Debug|Win32.ActiveCfg = Debug|Win32
		{6B03DE61-527A-441C-A7E6-8C1CB433EA63}.Debug|Win32.Build.0 = Debug|Win32
		{6B03DE61-527A-441C-A7E6-8C1CB433EA63}.Debug|x86.ActiveCfg = Release|Win32
		{6B03DE61-527A-441C-A7E6-8C1CB433EA63}.Debug|x86.Build.0 = Release|Win32
		{6B03DE61-527A-441C-A7E6-8C1CB433EA63}.Release|Any CPU.ActiveCfg = Release|Win32
		{6B03DE61-527A-441C-A7E6-8C1CB433EA63}.Release|Mixed Platforms.ActiveCfg = Release|Win32
		{6B03DE61-527A-441C-A7E6-8C1CB433EA63}.Release|Mixed Platforms.Build.0 = Release|Win32
		{6B03DE61-527A-441C-A7E6-8C1CB433EA63}.Release|Win32.ActiveCfg = Release|Win32
		{6B03DE61-527A-441C-A7E6-8C1CB433EA63}.Release|Win32.Build.0 = Release|Win32
		{6B03DE61-527A-441C-A7E6-8C1CB433EA63}.Release|x86.ActiveCfg = Release|Win32
		{6B03DE61-527A-441C-A7E6-8C1CB433EA63}.Release|x86.Build.0 = Release|Win32
		{4C98E003-741C-4C11-9030-3CCAAB7CAA66}.Debug|Any CPU.ActiveCfg = Debug|Any CPU
		{4C98E003-741C-4C11-9030-3CCAAB7CAA66}.Debug|Any CPU.Build.0 = Debug|Any CPU
		{4C98E003-741C-4C11-9030-3CCAAB7CAA66}.Debug|Mixed Platforms.ActiveCfg = Debug|x86
		{4C98E003-741C-4C11-9030-3CCAAB7CAA66}.Debug|Mixed Platforms.Build.0 = Debug|x86
		{4C98E003-741C-4C11-9030-3CCAAB7CAA66}.Debug|Win32.ActiveCfg = Debug|Any CPU
		{4C98E003-741C-4C11-9030-3CCAAB7CAA66}.Debug|x86.ActiveCfg = Debug|x86
		{4C98E003-741C-4C11-9030-3CCAAB7CAA66}.Debug|x86.Build.0 = Debug|x86
		{4C98E003-741C-4C11-9030-3CCAAB7CAA66}.Release|Any CPU.ActiveCfg = Release|Any CPU
		{4C98E003-741C-4C11-9030-3CCAAB7CAA66}.Release|Any CPU.Build.0 = Release|Any CPU
		{4C98E003-741C-4C11-9030-3CCAAB7CAA66}.Release|Mixed Platforms.ActiveCfg = Release|x86
		{4C98E003-741C-4C11-9030-3CCAAB7CAA66}.Release|Mixed Platforms.Build.0 = Release|x86
		{4C98E003-741C-4C11-9030-3CCAAB7CAA66}.Release|Win32.ActiveCfg = Release|Any CPU
		{4C98E003-741C-4C11-9030-3CCAAB7CAA66}.Release|x86.ActiveCfg = Release|x86
		{4C98E003-741C-4C11-9030-3CCAAB7CAA66}.Release|x86.Build.0 = Release|x86
		{9708F1BC-959D-4539-82DB-0FB96B879AD4}.Debug|Any CPU.ActiveCfg = Debug|Any CPU
		{9708F1BC-959D-4539-82DB-0FB96B879AD4}.Debug|Any CPU.Build.0 = Debug|Any CPU
		{9708F1BC-959D-4539-82DB-0FB96B879AD4}.Debug|Mixed Platforms.ActiveCfg = Debug|Any CPU
		{9708F1BC-959D-4539-82DB-0FB96B879AD4}.Debug|Mixed Platforms.Build.0 = Debug|Any CPU
		{9708F1BC-959D-4539-82DB-0FB96B879AD4}.Debug|Win32.ActiveCfg = Debug|Any CPU
		{9708F1BC-959D-4539-82DB-0FB96B879AD4}.Debug|x86.ActiveCfg = Debug|Any CPU
		{9708F1BC-959D-4539-82DB-0FB96B879AD4}.Debug|x86.Build.0 = Debug|Any CPU
		{9708F1BC-959D-4539-82DB-0FB96B879AD4}.Release|Any CPU.ActiveCfg = Release|Any CPU
		{9708F1BC-959D-4539-82DB-0FB96B879AD4}.Release|Any CPU.Build.0 = Release|Any CPU
		{9708F1BC-959D-4539-82DB-0FB96B879AD4}.Release|Mixed Platforms.ActiveCfg = Release|Any CPU
		{9708F1BC-959D-4539-82DB-0FB96B879AD4}.Release|Mixed Platforms.Build.0 = Release|Any CPU
		{9708F1BC-959D-4539-82DB-0FB96B879AD4}.Release|Win32.ActiveCfg = Release|Any CPU
		{9708F1BC-959D-4539-82DB-0FB96B879AD4}.Release|x86.ActiveCfg = Release|Any CPU
		{9708F1BC-959D-4539-82DB-0FB96B879AD4}.Release|x86.Build.0 = Release|Any CPU
		{71064BE5-80B2-4E95-AF9B-E09FF7403B50}.Debug|Any CPU.ActiveCfg = Debug|Any CPU
		{71064BE5-80B2-4E95-AF9B-E09FF7403B50}.Debug|Any CPU.Build.0 = Debug|Any CPU
		{71064BE5-80B2-4E95-AF9B-E09FF7403B50}.Debug|Mixed Platforms.ActiveCfg = Debug|x86
		{71064BE5-80B2-4E95-AF9B-E09FF7403B50}.Debug|Mixed Platforms.Build.0 = Debug|x86
		{71064BE5-80B2-4E95-AF9B-E09FF7403B50}.Debug|Win32.ActiveCfg = Debug|Any CPU
		{71064BE5-80B2-4E95-AF9B-E09FF7403B50}.Debug|x86.ActiveCfg = Debug|x86
		{71064BE5-80B2-4E95-AF9B-E09FF7403B50}.Debug|x86.Build.0 = Debug|x86
		{71064BE5-80B2-4E95-AF9B-E09FF7403B50}.Release|Any CPU.ActiveCfg = Release|Any CPU
		{71064BE5-80B2-4E95-AF9B-E09FF7403B50}.Release|Any CPU.Build.0 = Release|Any CPU
		{71064BE5-80B2-4E95-AF9B-E09FF7403B50}.Release|Mixed Platforms.ActiveCfg = Release|x86
		{71064BE5-80B2-4E95-AF9B-E09FF7403B50}.Release|Mixed Platforms.Build.0 = Release|x86
		{71064BE5-80B2-4E95-AF9B-E09FF7403B50}.Release|Win32.ActiveCfg = Release|Any CPU
		{71064BE5-80B2-4E95-AF9B-E09FF7403B50}.Release|x86.ActiveCfg = Release|x86
		{71064BE5-80B2-4E95-AF9B-E09FF7403B50}.Release|x86.Build.0 = Release|x86
		{A6A906FF-111C-4248-BF9A-15DB9AD42BD7}.Debug|Any CPU.ActiveCfg = Debug|Any CPU
		{A6A906FF-111C-4248-BF9A-15DB9AD42BD7}.Debug|Any CPU.Build.0 = Debug|Any CPU
		{A6A906FF-111C-4248-BF9A-15DB9AD42BD7}.Debug|Mixed Platforms.ActiveCfg = Debug|Any CPU
		{A6A906FF-111C-4248-BF9A-15DB9AD42BD7}.Debug|Mixed Platforms.Build.0 = Debug|Any CPU
		{A6A906FF-111C-4248-BF9A-15DB9AD42BD7}.Debug|Win32.ActiveCfg = Debug|Any CPU
		{A6A906FF-111C-4248-BF9A-15DB9AD42BD7}.Debug|x86.ActiveCfg = Debug|x86
		{A6A906FF-111C-4248-BF9A-15DB9AD42BD7}.Debug|x86.Build.0 = Debug|x86
		{A6A906FF-111C-4248-BF9A-15DB9AD42BD7}.Release|Any CPU.ActiveCfg = Release|Any CPU
		{A6A906FF-111C-4248-BF9A-15DB9AD42BD7}.Release|Any CPU.Build.0 = Release|Any CPU
		{A6A906FF-111C-4248-BF9A-15DB9AD42BD7}.Release|Mixed Platforms.ActiveCfg = Release|Any CPU
		{A6A906FF-111C-4248-BF9A-15DB9AD42BD7}.Release|Mixed Platforms.Build.0 = Release|Any CPU
		{A6A906FF-111C-4248-BF9A-15DB9AD42BD7}.Release|Win32.ActiveCfg = Release|Any CPU
		{A6A906FF-111C-4248-BF9A-15DB9AD42BD7}.Release|x86.ActiveCfg = Release|x86
		{A6A906FF-111C-4248-BF9A-15DB9AD42BD7}.Release|x86.Build.0 = Release|x86
		{AADCE85C-8492-41F4-80DC-977C3EDE1347}.Debug|Any CPU.ActiveCfg = Debug|Any CPU
		{AADCE85C-8492-41F4-80DC-977C3EDE1347}.Debug|Any CPU.Build.0 = Debug|Any CPU
		{AADCE85C-8492-41F4-80DC-977C3EDE1347}.Debug|Mixed Platforms.ActiveCfg = Debug|Any CPU
		{AADCE85C-8492-41F4-80DC-977C3EDE1347}.Debug|Mixed Platforms.Build.0 = Debug|Any CPU
		{AADCE85C-8492-41F4-80DC-977C3EDE1347}.Debug|Win32.ActiveCfg = Debug|Any CPU
		{AADCE85C-8492-41F4-80DC-977C3EDE1347}.Debug|x86.ActiveCfg = Debug|x86
		{AADCE85C-8492-41F4-80DC-977C3EDE1347}.Debug|x86.Build.0 = Debug|x86
		{AADCE85C-8492-41F4-80DC-977C3EDE1347}.Release|Any CPU.ActiveCfg = Release|Any CPU
		{AADCE85C-8492-41F4-80DC-977C3EDE1347}.Release|Any CPU.Build.0 = Release|Any CPU
		{AADCE85C-8492-41F4-80DC-977C3EDE1347}.Release|Mixed Platforms.ActiveCfg = Release|Any CPU
		{AADCE85C-8492-41F4-80DC-977C3EDE1347}.Release|Mixed Platforms.Build.0 = Release|Any CPU
		{AADCE85C-8492-41F4-80DC-977C3EDE1347}.Release|Win32.ActiveCfg = Release|Any CPU
		{AADCE85C-8492-41F4-80DC-977C3EDE1347}.Release|x86.ActiveCfg = Release|x86
		{AADCE85C-8492-41F4-80DC-977C3EDE1347}.Release|x86.Build.0 = Release|x86
	EndGlobalSection
	GlobalSection(SolutionProperties) = preSolution
		HideSolutionNode = FALSE
	EndGlobalSection
EndGlobal
